
Microsoft Visual Studio Solution File, Format Version 12.00
# Visual Studio Version 16
VisualStudioVersion = 16.0.809.1
MinimumVisualStudioVersion = 10.0.40219.1
Project("{FAE04EC0-301F-11D3-BF4B-00C04F79EFBC}") = "net-cli", "net-cli.csproj", "{B2F48837-0D66-478A-89CD-0561AED576CA}"
EndProject
Global
	GlobalSection(SolutionConfigurationPlatforms) = preSolution
		Debug|Any CPU = Debug|Any CPU
		Release|Any CPU = Release|Any CPU
	EndGlobalSection
	GlobalSection(ProjectConfigurationPlatforms) = postSolution
		{B2F48837-0D66-478A-89CD-0561AED576CA}.Debug|Any CPU.ActiveCfg = Debug|Any CPU
		{B2F48837-0D66-478A-89CD-0561AED576CA}.Debug|Any CPU.Build.0 = Debug|Any CPU
		{B2F48837-0D66-478A-89CD-0561AED576CA}.Release|Any CPU.ActiveCfg = Release|Any CPU
		{B2F48837-0D66-478A-89CD-0561AED576CA}.Release|Any CPU.Build.0 = Release|Any CPU
	EndGlobalSection
	GlobalSection(SolutionProperties) = preSolution
		HideSolutionNode = FALSE
	EndGlobalSection
	GlobalSection(ExtensibilityGlobals) = postSolution
		SolutionGuid = {D3C658FA-64EE-447A-AFFB-3E069F55C9F0}
	EndGlobalSection
EndGlobal
